
Microsoft Visual Studio Solution File, Format Version 12.00
# Visual Studio Version 17
VisualStudioVersion = 17.1.32421.90
MinimumVisualStudioVersion = 10.0.40219.1
Project("{FAE04EC0-301F-11D3-BF4B-00C04F79EFBC}") = "APICatalogo", "APICatalogo\APICatalogo.csproj", "{7D504EB7-FA49-4518-B027-4186C93FA7D2}"
EndProject
Global
	GlobalSection(SolutionConfigurationPlatforms) = preSolution
		Debug|Any CPU = Debug|Any CPU
		Release|Any CPU = Release|Any CPU
	EndGlobalSection
	GlobalSection(ProjectConfigurationPlatforms) = postSolution
		{7D504EB7-FA49-4518-B027-4186C93FA7D2}.Debug|Any CPU.ActiveCfg = Debug|Any CPU
		{7D504EB7-FA49-4518-B027-4186C93FA7D2}.Debug|Any CPU.Build.0 = Debug|Any CPU
		{7D504EB7-FA49-4518-B027-4186C93FA7D2}.Release|Any CPU.ActiveCfg = Release|Any CPU
		{7D504EB7-FA49-4518-B027-4186C93FA7D2}.Release|Any CPU.Build.0 = Release|Any CPU
	EndGlobalSection
	GlobalSection(SolutionProperties) = preSolution
		HideSolutionNode = FALSE
	EndGlobalSection
	GlobalSection(ExtensibilityGlobals) = postSolution
		SolutionGuid = {C5A727EF-2C52-4027-8A7D-31833502D07F}
	EndGlobalSection
EndGlobal
